
Microsoft Visual Studio Solution File, Format Version 12.00
# Visual Studio 15
VisualStudioVersion = 15.0.28307.757
MinimumVisualStudioVersion = 10.0.40219.1
Project("{FAE04EC0-301F-11D3-BF4B-00C04F79EFBC}") = "DBW_301_DevExpress", "DBW_301_DevExpress\DBW_301_DevExpress.csproj", "{14D4F6E9-536B-4A83-99B8-DAAEE3D79D4D}"
EndProject
Global
	GlobalSection(SolutionConfigurationPlatforms) = preSolution
		Debug|Any CPU = Debug|Any CPU
		Development|Any CPU = Development|Any CPU
		Release|Any CPU = Release|Any CPU
	EndGlobalSection
	GlobalSection(ProjectConfigurationPlatforms) = postSolution
		{14D4F6E9-536B-4A83-99B8-DAAEE3D79D4D}.Debug|Any CPU.ActiveCfg = Debug|Any CPU
		{14D4F6E9-536B-4A83-99B8-DAAEE3D79D4D}.Debug|Any CPU.Build.0 = Debug|Any CPU
		{14D4F6E9-536B-4A83-99B8-DAAEE3D79D4D}.Development|Any CPU.ActiveCfg = Debug|Any CPU
		{14D4F6E9-536B-4A83-99B8-DAAEE3D79D4D}.Development|Any CPU.Build.0 = Debug|Any CPU
		{14D4F6E9-536B-4A83-99B8-DAAEE3D79D4D}.Release|Any CPU.ActiveCfg = Release|Any CPU
		{14D4F6E9-536B-4A83-99B8-DAAEE3D79D4D}.Release|Any CPU.Build.0 = Release|Any CPU
	EndGlobalSection
	GlobalSection(SolutionProperties) = preSolution
		HideSolutionNode = FALSE
	EndGlobalSection
	GlobalSection(ExtensibilityGlobals) = postSolution
		SolutionGuid = {42FE69FB-4BA6-44A1-A69C-80F889AE2742}
	EndGlobalSection
EndGlobal
